
Microsoft Visual Studio Solution File, Format Version 12.00
# Visual Studio 15
VisualStudioVersion = 15.0.27130.2003
MinimumVisualStudioVersion = 10.0.40219.1
Project("{9A19103F-16F7-4668-BE54-9A1E7A4F7556}") = "01.DefineClassPerson", "01.DefineClassPerson\01.DefineClassPerson.csproj", "{5EA669A6-8BBB-49FA-95B9-B17CC7994C68}"
EndProject
Project("{9A19103F-16F7-4668-BE54-9A1E7A4F7556}") = "02.CreatingConstructor", "02.CreatingConstructor\02.CreatingConstructor.csproj", "{BB1A0517-D69F-4F44-ABB5-BFBA1512603E}"
EndProject
Project("{9A19103F-16F7-4668-BE54-9A1E7A4F7556}") = "03.OldestFamilyMember", "03.OldestFamilyMember\03.OldestFamilyMember.csproj", "{4689B32A-8385-4EDA-8174-7FC88C004A0D}"
EndProject
Project("{9A19103F-16F7-4668-BE54-9A1E7A4F7556}") = "04.OpinionPoll", "04.OpinionPoll\04.OpinionPoll.csproj", "{599C2A36-8FEE-47B0-982E-73B98C365F93}"
EndProject
Project("{9A19103F-16F7-4668-BE54-9A1E7A4F7556}") = "05.DateModifier", "05.DateModifier\05.DateModifier.csproj", "{624D7374-3115-4210-8E1D-1B26FB7EDDD8}"
EndProject
Project("{9A19103F-16F7-4668-BE54-9A1E7A4F7556}") = "06.CompanyRoster", "06.CompanyRoster\06.CompanyRoster.csproj", "{357B9CED-65DD-4073-B439-EF15E7205650}"
EndProject
Project("{9A19103F-16F7-4668-BE54-9A1E7A4F7556}") = "07.SpeedRacing", "07.SpeedRacing\07.SpeedRacing.csproj", "{3A11DB69-124D-4840-8FBD-5C5FC27CAC29}"
EndProject
Project("{9A19103F-16F7-4668-BE54-9A1E7A4F7556}") = "08.RawData", "08.RawData\08.RawData.csproj", "{BA8E32CC-0064-414F-83A5-3E5E348B67DC}"
EndProject
Project("{9A19103F-16F7-4668-BE54-9A1E7A4F7556}") = "09.RectangleIntersection", "09.RectangleIntersection\09.RectangleIntersection.csproj", "{E4D24BEB-04CE-4985-9B69-EA4A334362B0}"
EndProject
Project("{9A19103F-16F7-4668-BE54-9A1E7A4F7556}") = "10.CarSalesMan", "10.CarSalesMan\10.CarSalesMan.csproj", "{A757D0EE-8311-43B5-A344-C5C512FAF3AA}"
EndProject
Project("{9A19103F-16F7-4668-BE54-9A1E7A4F7556}") = "11.PokemonTrainer", "11.PokemonTrainer\11.PokemonTrainer.csproj", "{DFCDA10D-38BB-4304-B2FF-56765B23A57D}"
EndProject
Project("{FAE04EC0-301F-11D3-BF4B-00C04F79EFBC}") = "12.Google", "12.Google\12.Google.csproj", "{F275B621-FEFD-4839-A67B-643FA21D41CA}"
EndProject
Project("{FAE04EC0-301F-11D3-BF4B-00C04F79EFBC}") = "13.FamilyTree", "13.FamilyTree\13.FamilyTree.csproj", "{BAA01168-EB96-4889-B5AC-E4DBC086424F}"
EndProject
Global
	GlobalSection(SolutionConfigurationPlatforms) = preSolution
		Debug|Any CPU = Debug|Any CPU
		Release|Any CPU = Release|Any CPU
	EndGlobalSection
	GlobalSection(ProjectConfigurationPlatforms) = postSolution
		{5EA669A6-8BBB-49FA-95B9-B17CC7994C68}.Debug|Any CPU.ActiveCfg = Debug|Any CPU
		{5EA669A6-8BBB-49FA-95B9-B17CC7994C68}.Debug|Any CPU.Build.0 = Debug|Any CPU
		{5EA669A6-8BBB-49FA-95B9-B17CC7994C68}.Release|Any CPU.ActiveCfg = Release|Any CPU
		{5EA669A6-8BBB-49FA-95B9-B17CC7994C68}.Release|Any CPU.Build.0 = Release|Any CPU
		{BB1A0517-D69F-4F44-ABB5-BFBA1512603E}.Debug|Any CPU.ActiveCfg = Debug|Any CPU
		{BB1A0517-D69F-4F44-ABB5-BFBA1512603E}.Debug|Any CPU.Build.0 = Debug|Any CPU
		{BB1A0517-D69F-4F44-ABB5-BFBA1512603E}.Release|Any CPU.ActiveCfg = Release|Any CPU
		{BB1A0517-D69F-4F44-ABB5-BFBA1512603E}.Release|Any CPU.Build.0 = Release|Any CPU
		{4689B32A-8385-4EDA-8174-7FC88C004A0D}.Debug|Any CPU.ActiveCfg = Debug|Any CPU
		{4689B32A-8385-4EDA-8174-7FC88C004A0D}.Debug|Any CPU.Build.0 = Debug|Any CPU
		{4689B32A-8385-4EDA-8174-7FC88C004A0D}.Release|Any CPU.ActiveCfg = Release|Any CPU
		{4689B32A-8385-4EDA-8174-7FC88C004A0D}.Release|Any CPU.Build.0 = Release|Any CPU
		{599C2A36-8FEE-47B0-982E-73B98C365F93}.Debug|Any CPU.ActiveCfg = Debug|Any CPU
		{599C2A36-8FEE-47B0-982E-73B98C365F93}.Debug|Any CPU.Build.0 = Debug|Any CPU
		{599C2A36-8FEE-47B0-982E-73B98C365F93}.Release|Any CPU.ActiveCfg = Release|Any CPU
		{599C2A36-8FEE-47B0-982E-73B98C365F93}.Release|Any CPU.Build.0 = Release|Any CPU
		{624D7374-3115-4210-8E1D-1B26FB7EDDD8}.Debug|Any CPU.ActiveCfg = Debug|Any CPU
		{624D7374-3115-4210-8E1D-1B26FB7EDDD8}.Debug|Any CPU.Build.0 = Debug|Any CPU
		{624D7374-3115-4210-8E1D-1B26FB7EDDD8}.Release|Any CPU.ActiveCfg = Release|Any CPU
		{624D7374-3115-4210-8E1D-1B26FB7EDDD8}.Release|Any CPU.Build.0 = Release|Any CPU
		{357B9CED-65DD-4073-B439-EF15E7205650}.Debug|Any CPU.ActiveCfg = Debug|Any CPU
		{357B9CED-65DD-4073-B439-EF15E7205650}.Debug|Any CPU.Build.0 = Debug|Any CPU
		{357B9CED-65DD-4073-B439-EF15E7205650}.Release|Any CPU.ActiveCfg = Release|Any CPU
		{357B9CED-65DD-4073-B439-EF15E7205650}.Release|Any CPU.Build.0 = Release|Any CPU
		{3A11DB69-124D-4840-8FBD-5C5FC27CAC29}.Debug|Any CPU.ActiveCfg = Debug|Any CPU
		{3A11DB69-124D-4840-8FBD-5C5FC27CAC29}.Debug|Any CPU.Build.0 = Debug|Any CPU
		{3A11DB69-124D-4840-8FBD-5C5FC27CAC29}.Release|Any CPU.ActiveCfg = Release|Any CPU
		{3A11DB69-124D-4840-8FBD-5C5FC27CAC29}.Release|Any CPU.Build.0 = Release|Any CPU
		{BA8E32CC-0064-414F-83A5-3E5E348B67DC}.Debug|Any CPU.ActiveCfg = Debug|Any CPU
		{BA8E32CC-0064-414F-83A5-3E5E348B67DC}.Debug|Any CPU.Build.0 = Debug|Any CPU
		{BA8E32CC-0064-414F-83A5-3E5E348B67DC}.Release|Any CPU.ActiveCfg = Release|Any CPU
		{BA8E32CC-0064-414F-83A5-3E5E348B67DC}.Release|Any CPU.Build.0 = Release|Any CPU
		{E4D24BEB-04CE-4985-9B69-EA4A334362B0}.Debug|Any CPU.ActiveCfg = Debug|Any CPU
		{E4D24BEB-04CE-4985-9B69-EA4A334362B0}.Debug|Any CPU.Build.0 = Debug|Any CPU
		{E4D24BEB-04CE-4985-9B69-EA4A334362B0}.Release|Any CPU.ActiveCfg = Release|Any CPU
		{E4D24BEB-04CE-4985-9B69-EA4A334362B0}.Release|Any CPU.Build.0 = Release|Any CPU
		{A757D0EE-8311-43B5-A344-C5C512FAF3AA}.Debug|Any CPU.ActiveCfg = Debug|Any CPU
		{A757D0EE-8311-43B5-A344-C5C512FAF3AA}.Debug|Any CPU.Build.0 = Debug|Any CPU
		{A757D0EE-8311-43B5-A344-C5C512FAF3AA}.Release|Any CPU.ActiveCfg = Release|Any CPU
		{A757D0EE-8311-43B5-A344-C5C512FAF3AA}.Release|Any CPU.Build.0 = Release|Any CPU
		{DFCDA10D-38BB-4304-B2FF-56765B23A57D}.Debug|Any CPU.ActiveCfg = Debug|Any CPU
		{DFCDA10D-38BB-4304-B2FF-56765B23A57D}.Debug|Any CPU.Build.0 = Debug|Any CPU
		{DFCDA10D-38BB-4304-B2FF-56765B23A57D}.Release|Any CPU.ActiveCfg = Release|Any CPU
		{DFCDA10D-38BB-4304-B2FF-56765B23A57D}.Release|Any CPU.Build.0 = Release|Any CPU
		{F275B621-FEFD-4839-A67B-643FA21D41CA}.Debug|Any CPU.ActiveCfg = Debug|Any CPU
		{F275B621-FEFD-4839-A67B-643FA21D41CA}.Debug|Any CPU.Build.0 = Debug|Any CPU
		{F275B621-FEFD-4839-A67B-643FA21D41CA}.Release|Any CPU.ActiveCfg = Release|Any CPU
		{F275B621-FEFD-4839-A67B-643FA21D41CA}.Release|Any CPU.Build.0 = Release|Any CPU
		{BAA01168-EB96-4889-B5AC-E4DBC086424F}.Debug|Any CPU.ActiveCfg = Debug|Any CPU
		{BAA01168-EB96-4889-B5AC-E4DBC086424F}.Debug|Any CPU.Build.0 = Debug|Any CPU
		{BAA01168-EB96-4889-B5AC-E4DBC086424F}.Release|Any CPU.ActiveCfg = Release|Any CPU
		{BAA01168-EB96-4889-B5AC-E4DBC086424F}.Release|Any CPU.Build.0 = Release|Any CPU
	EndGlobalSection
	GlobalSection(SolutionProperties) = preSolution
		HideSolutionNode = FALSE
	EndGlobalSection
	GlobalSection(ExtensibilityGlobals) = postSolution
		SolutionGuid = {E58FD2B0-3884-4AD5-AABE-E0701E124168}
	EndGlobalSection
EndGlobal
