
Microsoft Visual Studio Solution File, Format Version 12.00
# Visual Studio 15
VisualStudioVersion = 15.0.27130.2003
MinimumVisualStudioVersion = 10.0.40219.1
Project("{9A19103F-16F7-4668-BE54-9A1E7A4F7556}") = "01.DefineClassPerson", "01.DefineClassPerson\01.DefineClassPerson.csproj", "{5EA669A6-8BBB-49FA-95B9-B17CC7994C68}"
EndProject
Project("{FAE04EC0-301F-11D3-BF4B-00C04F79EFBC}") = "02.CreatingConstructor", "02.CreatingConstructor\02.CreatingConstructor.csproj", "{BB1A0517-D69F-4F44-ABB5-BFBA1512603E}"
EndProject
Project("{FAE04EC0-301F-11D3-BF4B-00C04F79EFBC}") = "03.OldestFamilyMember", "03.OldestFamilyMember\03.OldestFamilyMember.csproj", "{4689B32A-8385-4EDA-8174-7FC88C004A0D}"
EndProject
Project("{FAE04EC0-301F-11D3-BF4B-00C04F79EFBC}") = "04.OpinionPoll", "04.OpinionPoll\04.OpinionPoll.csproj", "{599C2A36-8FEE-47B0-982E-73B98C365F93}"
EndProject
Project("{FAE04EC0-301F-11D3-BF4B-00C04F79EFBC}") = "05.DateModifier", "05.DateModifier\05.DateModifier.csproj", "{624D7374-3115-4210-8E1D-1B26FB7EDDD8}"
EndProject
Project("{FAE04EC0-301F-11D3-BF4B-00C04F79EFBC}") = "06.CompanyRoster", "06.CompanyRoster\06.CompanyRoster.csproj", "{357B9CED-65DD-4073-B439-EF15E7205650}"
EndProject
Global
	GlobalSection(SolutionConfigurationPlatforms) = preSolution
		Debug|Any CPU = Debug|Any CPU
		Release|Any CPU = Release|Any CPU
	EndGlobalSection
	GlobalSection(ProjectConfigurationPlatforms) = postSolution
		{5EA669A6-8BBB-49FA-95B9-B17CC7994C68}.Debug|Any CPU.ActiveCfg = Debug|Any CPU
		{5EA669A6-8BBB-49FA-95B9-B17CC7994C68}.Debug|Any CPU.Build.0 = Debug|Any CPU
		{5EA669A6-8BBB-49FA-95B9-B17CC7994C68}.Release|Any CPU.ActiveCfg = Release|Any CPU
		{5EA669A6-8BBB-49FA-95B9-B17CC7994C68}.Release|Any CPU.Build.0 = Release|Any CPU
		{BB1A0517-D69F-4F44-ABB5-BFBA1512603E}.Debug|Any CPU.ActiveCfg = Debug|Any CPU
		{BB1A0517-D69F-4F44-ABB5-BFBA1512603E}.Debug|Any CPU.Build.0 = Debug|Any CPU
		{BB1A0517-D69F-4F44-ABB5-BFBA1512603E}.Release|Any CPU.ActiveCfg = Release|Any CPU
		{BB1A0517-D69F-4F44-ABB5-BFBA1512603E}.Release|Any CPU.Build.0 = Release|Any CPU
		{4689B32A-8385-4EDA-8174-7FC88C004A0D}.Debug|Any CPU.ActiveCfg = Debug|Any CPU
		{4689B32A-8385-4EDA-8174-7FC88C004A0D}.Debug|Any CPU.Build.0 = Debug|Any CPU
		{4689B32A-8385-4EDA-8174-7FC88C004A0D}.Release|Any CPU.ActiveCfg = Release|Any CPU
		{4689B32A-8385-4EDA-8174-7FC88C004A0D}.Release|Any CPU.Build.0 = Release|Any CPU
		{599C2A36-8FEE-47B0-982E-73B98C365F93}.Debug|Any CPU.ActiveCfg = Debug|Any CPU
		{599C2A36-8FEE-47B0-982E-73B98C365F93}.Debug|Any CPU.Build.0 = Debug|Any CPU
		{599C2A36-8FEE-47B0-982E-73B98C365F93}.Release|Any CPU.ActiveCfg = Release|Any CPU
		{599C2A36-8FEE-47B0-982E-73B98C365F93}.Release|Any CPU.Build.0 = Release|Any CPU
		{624D7374-3115-4210-8E1D-1B26FB7EDDD8}.Debug|Any CPU.ActiveCfg = Debug|Any CPU
		{624D7374-3115-4210-8E1D-1B26FB7EDDD8}.Debug|Any CPU.Build.0 = Debug|Any CPU
		{624D7374-3115-4210-8E1D-1B26FB7EDDD8}.Release|Any CPU.ActiveCfg = Release|Any CPU
		{624D7374-3115-4210-8E1D-1B26FB7EDDD8}.Release|Any CPU.Build.0 = Release|Any CPU
		{357B9CED-65DD-4073-B439-EF15E7205650}.Debug|Any CPU.ActiveCfg = Debug|Any CPU
		{357B9CED-65DD-4073-B439-EF15E7205650}.Debug|Any CPU.Build.0 = Debug|Any CPU
		{357B9CED-65DD-4073-B439-EF15E7205650}.Release|Any CPU.ActiveCfg = Release|Any CPU
		{357B9CED-65DD-4073-B439-EF15E7205650}.Release|Any CPU.Build.0 = Release|Any CPU
	EndGlobalSection
	GlobalSection(SolutionProperties) = preSolution
		HideSolutionNode = FALSE
	EndGlobalSection
	GlobalSection(ExtensibilityGlobals) = postSolution
		SolutionGuid = {E58FD2B0-3884-4AD5-AABE-E0701E124168}
	EndGlobalSection
EndGlobal
