
Microsoft Visual Studio Solution File, Format Version 12.00
# Visual Studio 15
VisualStudioVersion = 15.0.27130.2003
MinimumVisualStudioVersion = 10.0.40219.1
Project("{FAE04EC0-301F-11D3-BF4B-00C04F79EFBC}") = "01.DefineInterfacePerson", "01.DefineInterfacePerson\01.DefineInterfacePerson.csproj", "{7CD328A0-683E-4E56-8C79-D5581FB5875D}"
EndProject
Project("{FAE04EC0-301F-11D3-BF4B-00C04F79EFBC}") = "02.MultipleImplementation", "02.MultipleImplementation\02.MultipleImplementation.csproj", "{81E67ADC-BC55-4F53-884C-23003DDEB997}"
EndProject
Project("{FAE04EC0-301F-11D3-BF4B-00C04F79EFBC}") = "03.Ferrari", "03.Ferrari\03.Ferrari.csproj", "{D7AC3703-84BA-4793-883B-A99822876BCE}"
EndProject
Project("{FAE04EC0-301F-11D3-BF4B-00C04F79EFBC}") = "04.Telephony", "04.Telephony\04.Telephony.csproj", "{F02F769B-3C26-4D2F-A0C1-D3534D08500F}"
EndProject
Global
	GlobalSection(SolutionConfigurationPlatforms) = preSolution
		Debug|Any CPU = Debug|Any CPU
		Release|Any CPU = Release|Any CPU
	EndGlobalSection
	GlobalSection(ProjectConfigurationPlatforms) = postSolution
		{7CD328A0-683E-4E56-8C79-D5581FB5875D}.Debug|Any CPU.ActiveCfg = Debug|Any CPU
		{7CD328A0-683E-4E56-8C79-D5581FB5875D}.Debug|Any CPU.Build.0 = Debug|Any CPU
		{7CD328A0-683E-4E56-8C79-D5581FB5875D}.Release|Any CPU.ActiveCfg = Release|Any CPU
		{7CD328A0-683E-4E56-8C79-D5581FB5875D}.Release|Any CPU.Build.0 = Release|Any CPU
		{81E67ADC-BC55-4F53-884C-23003DDEB997}.Debug|Any CPU.ActiveCfg = Debug|Any CPU
		{81E67ADC-BC55-4F53-884C-23003DDEB997}.Debug|Any CPU.Build.0 = Debug|Any CPU
		{81E67ADC-BC55-4F53-884C-23003DDEB997}.Release|Any CPU.ActiveCfg = Release|Any CPU
		{81E67ADC-BC55-4F53-884C-23003DDEB997}.Release|Any CPU.Build.0 = Release|Any CPU
		{D7AC3703-84BA-4793-883B-A99822876BCE}.Debug|Any CPU.ActiveCfg = Debug|Any CPU
		{D7AC3703-84BA-4793-883B-A99822876BCE}.Debug|Any CPU.Build.0 = Debug|Any CPU
		{D7AC3703-84BA-4793-883B-A99822876BCE}.Release|Any CPU.ActiveCfg = Release|Any CPU
		{D7AC3703-84BA-4793-883B-A99822876BCE}.Release|Any CPU.Build.0 = Release|Any CPU
		{F02F769B-3C26-4D2F-A0C1-D3534D08500F}.Debug|Any CPU.ActiveCfg = Debug|Any CPU
		{F02F769B-3C26-4D2F-A0C1-D3534D08500F}.Debug|Any CPU.Build.0 = Debug|Any CPU
		{F02F769B-3C26-4D2F-A0C1-D3534D08500F}.Release|Any CPU.ActiveCfg = Release|Any CPU
		{F02F769B-3C26-4D2F-A0C1-D3534D08500F}.Release|Any CPU.Build.0 = Release|Any CPU
	EndGlobalSection
	GlobalSection(SolutionProperties) = preSolution
		HideSolutionNode = FALSE
	EndGlobalSection
	GlobalSection(ExtensibilityGlobals) = postSolution
		SolutionGuid = {A49615DF-B120-4047-9914-EF3FB0441304}
	EndGlobalSection
EndGlobal
